
Microsoft Visual Studio Solution File, Format Version 12.00
# Visual Studio 15
VisualStudioVersion = 15.0.27705.2000
MinimumVisualStudioVersion = 10.0.40219.1
Project("{FAE04EC0-301F-11D3-BF4B-00C04F79EFBC}") = "WebApi", "WebApi\WebApi.csproj", "{AB34E39F-49AC-44A0-A2BC-23880E26E52B}"
EndProject
Project("{FAE04EC0-301F-11D3-BF4B-00C04F79EFBC}") = "WebApi.Tests", "WebApi.Tests\WebApi.Tests.csproj", "{780D2F20-1B7C-46E9-A5EF-68FF6CFC365C}"
EndProject
Global
	GlobalSection(SolutionConfigurationPlatforms) = preSolution
		Debug|Any CPU = Debug|Any CPU
		Release|Any CPU = Release|Any CPU
	EndGlobalSection
	GlobalSection(ProjectConfigurationPlatforms) = postSolution
		{AB34E39F-49AC-44A0-A2BC-23880E26E52B}.Debug|Any CPU.ActiveCfg = Debug|Any CPU
		{AB34E39F-49AC-44A0-A2BC-23880E26E52B}.Debug|Any CPU.Build.0 = Debug|Any CPU
		{AB34E39F-49AC-44A0-A2BC-23880E26E52B}.Release|Any CPU.ActiveCfg = Release|Any CPU
		{AB34E39F-49AC-44A0-A2BC-23880E26E52B}.Release|Any CPU.Build.0 = Release|Any CPU
		{780D2F20-1B7C-46E9-A5EF-68FF6CFC365C}.Debug|Any CPU.ActiveCfg = Debug|Any CPU
		{780D2F20-1B7C-46E9-A5EF-68FF6CFC365C}.Debug|Any CPU.Build.0 = Debug|Any CPU
		{780D2F20-1B7C-46E9-A5EF-68FF6CFC365C}.Release|Any CPU.ActiveCfg = Release|Any CPU
		{780D2F20-1B7C-46E9-A5EF-68FF6CFC365C}.Release|Any CPU.Build.0 = Release|Any CPU
	EndGlobalSection
	GlobalSection(SolutionProperties) = preSolution
		HideSolutionNode = FALSE
	EndGlobalSection
	GlobalSection(ExtensibilityGlobals) = postSolution
		SolutionGuid = {7B15BA79-E4C4-4C2C-B952-CE04AD1B470D}
	EndGlobalSection
EndGlobal
